{
  "name": "typescript-promise-all-slow-repro",
  "version": "0.0.0",
  "lockfileVersion": 1,
  "requires": true,
  "dependencies": {
    "typescript": {
      "version": "3.4.0-dev.20190215",
      "resolved": "https://registry.npmjs.org/typescript/-/typescript-3.4.0-dev.20190215.tgz",
      "integrity": "sha512-lGyWJG54e6X/TAJ3oMwNIoK23aeUuNYyaWDQWWVQdP5FD1qQ7FugkGF6ebqmFijeB5OhCR11kfP+Z7FvV7nFSg==",
      "dev": true
    }
  }
}
